
Microsoft Visual Studio Solution File, Format Version 11.00
# Visual Studio 2010
Project("{8BC9CEB8-8B4A-11D0-8D11-00A0C91BC942}") = "SquaresLib", "SquaresLib\SquaresLib.vcxproj", "{8AD57F5D-317E-4970-8AB4-4BBCF43C3F33}"
EndProject
Project("{8BC9CEB8-8B4A-11D0-8D11-00A0C91BC942}") = "TestUI", "TestUI\TestUI.vcxproj", "{09746228-668B-4F98-92E4-197A16907392}"
EndProject
Global
	GlobalSection(SolutionConfigurationPlatforms) = preSolution
		Debug|Win32 = Debug|Win32
		Release|Win32 = Release|Win32
	EndGlobalSection
	GlobalSection(ProjectConfigurationPlatforms) = postSolution
		{8AD57F5D-317E-4970-8AB4-4BBCF43C3F33}.Debug|Win32.ActiveCfg = Debug|Win32
		{8AD57F5D-317E-4970-8AB4-4BBCF43C3F33}.Debug|Win32.Build.0 = Debug|Win32
		{8AD57F5D-317E-4970-8AB4-4BBCF43C3F33}.Release|Win32.ActiveCfg = Release|Win32
		{8AD57F5D-317E-4970-8AB4-4BBCF43C3F33}.Release|Win32.Build.0 = Release|Win32
		{09746228-668B-4F98-92E4-197A16907392}.Debug|Win32.ActiveCfg = Debug|Win32
		{09746228-668B-4F98-92E4-197A16907392}.Debug|Win32.Build.0 = Debug|Win32
		{09746228-668B-4F98-92E4-197A16907392}.Release|Win32.ActiveCfg = Release|Win32
		{09746228-668B-4F98-92E4-197A16907392}.Release|Win32.Build.0 = Release|Win32
	EndGlobalSection
	GlobalSection(SolutionProperties) = preSolution
		HideSolutionNode = FALSE
	EndGlobalSection
EndGlobal
